// !$*UTF8*$!
{
	archiveVersion = 1;
	classes = {
	};
	objectVersion = 50;
	objects = {

/* Begin PBXBuildFile section */
		DFCE7AA72408693E0016408A /* AppDelegate.swift in Sources */ = {isa = PBXBuildFile; fileRef = DFCE7AA62408693E0016408A /* AppDelegate.swift */; };
		DFCE7AA92408693E0016408A /* SceneDelegate.swift in Sources */ = {isa = PBXBuildFile; fileRef = DFCE7AA82408693E0016408A /* SceneDelegate.swift */; };
		DFCE7AAB2408693E0016408A /* ViewController.swift in Sources */ = {isa = PBXBuildFile; fileRef = DFCE7AAA2408693E0016408A /* ViewController.swift */; };
		DFCE7AAE2408693E0016408A /* Main.storyboard in Resources */ = {isa = PBXBuildFile; fileRef = DFCE7AAC2408693E0016408A /* Main.storyboard */; };
		DFCE7AB0240869400016408A /* Assets.xcassets in Resources */ = {isa = PBXBuildFile; fileRef = DFCE7AAF240869400016408A /* Assets.xcassets */; };
		DFCE7AB3240869400016408A /* LaunchScreen.storyboard in Resources */ = {isa = PBXBuildFile; fileRef = DFCE7AB1240869400016408A /* LaunchScreen.storyboard */; };
		DFCE7ABE240869400016408A /* MusicByLocationTests.swift in Sources */ = {isa = PBXBuildFile; fileRef = DFCE7ABD240869400016408A /* MusicByLocationTests.swift */; };
		DFCE7AC9240869400016408A /* MusicByLocationUITests.swift in Sources */ = {isa = PBXBuildFile; fileRef = DFCE7AC8240869400016408A /* MusicByLocationUITests.swift */; };
		DFE5FA5F240C654E005A8867 /* ArtistResponse.swift in Sources */ = {isa = PBXBuildFile; fileRef = DFE5FA5E240C654E005A8867 /* ArtistResponse.swift */; };
		DFE5FA61240C65A1005A8867 /* Artist.swift in Sources */ = {isa = PBXBuildFile; fileRef = DFE5FA60240C65A1005A8867 /* Artist.swift */; };
/* End PBXBuildFile section */

/* Begin PBXContainerItemProxy section */
		DFCE7ABA240869400016408A /* PBXContainerItemProxy */ = {
			isa = PBXContainerItemProxy;
			containerPortal = DFCE7A9B2408693E0016408A /* Project object */;
			proxyType = 1;
			remoteGlobalIDString = DFCE7AA22408693E0016408A;
			remoteInfo = MusicByLocation;
		};
		DFCE7AC5240869400016408A /* PBXContainerItemProxy */ = {
			isa = PBXContainerItemProxy;
			containerPortal = DFCE7A9B2408693E0016408A /* Project object */;
			proxyType = 1;
			remoteGlobalIDString = DFCE7AA22408693E0016408A;
			remoteInfo = MusicByLocation;
		};
/* End PBXContainerItemProxy section */

/* Begin PBXFileReference section */
		DFCE7AA32408693E0016408A /* MusicByLocation.app */ = {isa = PBXFileReference; explicitFileType = wrapper.application; includeInIndex = 0; path = MusicByLocation.app; sourceTree = BUILT_PRODUCTS_DIR; };
		DFCE7AA62408693E0016408A /* AppDelegate.swift */ = {isa = PBXFileReference; lastKnownFileType = sourcecode.swift; path = AppDelegate.swift; sourceTree = "<group>"; };
		DFCE7AA82408693E0016408A /* SceneDelegate.swift */ = {isa = PBXFileReference; lastKnownFileType = sourcecode.swift; path = SceneDelegate.swift; sourceTree = "<group>"; };
		DFCE7AAA2408693E0016408A /* ViewController.swift */ = {isa = PBXFileReference; lastKnownFileType = sourcecode.swift; path = ViewController.swift; sourceTree = "<group>"; };
		DFCE7AAD2408693E0016408A /* Base */ = {isa = PBXFileReference; lastKnownFileType = file.storyboard; name = Base; path = Base.lproj/Main.storyboard; sourceTree = "<group>"; };
		DFCE7AAF240869400016408A /* Assets.xcassets */ = {isa = PBXFileReference; lastKnownFileType = folder.assetcatalog; path = Assets.xcassets; sourceTree = "<group>"; };
		DFCE7AB2240869400016408A /* Base */ = {isa = PBXFileReference; lastKnownFileType = file.storyboard; name = Base; path = Base.lproj/LaunchScreen.storyboard; sourceTree = "<group>"; };
		DFCE7AB4240869400016408A /* Info.plist */ = {isa = PBXFileReference; lastKnownFileType = text.plist.xml; path = Info.plist; sourceTree = "<group>"; };
		DFCE7AB9240869400016408A /* MusicByLocationTests.xctest */ = {isa = PBXFileReference; explicitFileType = wrapper.cfbundle; includeInIndex = 0; path = MusicByLocationTests.xctest; sourceTree = BUILT_PRODUCTS_DIR; };
		DFCE7ABD240869400016408A /* MusicByLocationTests.swift */ = {isa = PBXFileReference; lastKnownFileType = sourcecode.swift; path = MusicByLocationTests.swift; sourceTree = "<group>"; };
		DFCE7ABF240869400016408A /* Info.plist */ = {isa = PBXFileReference; lastKnownFileType = text.plist.xml; path = Info.plist; sourceTree = "<group>"; };
		DFCE7AC4240869400016408A /* MusicByLocationUITests.xctest */ = {isa = PBXFileReference; explicitFileType = wrapper.cfbundle; includeInIndex = 0; path = MusicByLocationUITests.xctest; sourceTree = BUILT_PRODUCTS_DIR; };
		DFCE7AC8240869400016408A /* MusicByLocationUITests.swift */ = {isa = PBXFileReference; lastKnownFileType = sourcecode.swift; path = MusicByLocationUITests.swift; sourceTree = "<group>"; };
		DFCE7ACA240869400016408A /* Info.plist */ = {isa = PBXFileReference; lastKnownFileType = text.plist.xml; path = Info.plist; sourceTree = "<group>"; };
		DFE5FA5E240C654E005A8867 /* ArtistResponse.swift */ = {isa = PBXFileReference; lastKnownFileType = sourcecode.swift; path = ArtistResponse.swift; sourceTree = "<group>"; };
		DFE5FA60240C65A1005A8867 /* Artist.swift */ = {isa = PBXFileReference; lastKnownFileType = sourcecode.swift; path = Artist.swift; sourceTree = "<group>"; };
/* End PBXFileReference section */

/* Begin PBXFrameworksBuildPhase section */
		DFCE7AA02408693E0016408A /* Frameworks */ = {
			isa = PBXFrameworksBuildPhase;
			buildActionMask = 2147483647;
			files = (
			);
			runOnlyForDeploymentPostprocessing = 0;
		};
		DFCE7AB6240869400016408A /* Frameworks */ = {
			isa = PBXFrameworksBuildPhase;
			buildActionMask = 2147483647;
			files = (
			);
			runOnlyForDeploymentPostprocessing = 0;
		};
		DFCE7AC1240869400016408A /* Frameworks */ = {
			isa = PBXFrameworksBuildPhase;
			buildActionMask = 2147483647;
			files = (
			);
			runOnlyForDeploymentPostprocessing = 0;
		};
/* End PBXFrameworksBuildPhase section */

/* Begin PBXGroup section */
		DFCE7A9A2408693E0016408A = {
			isa = PBXGroup;
			children = (
				DFCE7AA52408693E0016408A /* MusicByLocation */,
				DFCE7ABC240869400016408A /* MusicByLocationTests */,
				DFCE7AC7240869400016408A /* MusicByLocationUITests */,
				DFCE7AA42408693E0016408A /* Products */,
			);
			sourceTree = "<group>";
		};
		DFCE7AA42408693E0016408A /* Products */ = {
			isa = PBXGroup;
			children = (
				DFCE7AA32408693E0016408A /* MusicByLocation.app */,
				DFCE7AB9240869400016408A /* MusicByLocationTests.xctest */,
				DFCE7AC4240869400016408A /* MusicByLocationUITests.xctest */,
			);
			name = Products;
			sourceTree = "<group>";
		};
		DFCE7AA52408693E0016408A /* MusicByLocation */ = {
			isa = PBXGroup;
			children = (
				DFCE7AA62408693E0016408A /* AppDelegate.swift */,
				DFCE7AA82408693E0016408A /* SceneDelegate.swift */,
				DFCE7AAA2408693E0016408A /* ViewController.swift */,
				DFCE7AAC2408693E0016408A /* Main.storyboard */,
				DFCE7AAF240869400016408A /* Assets.xcassets */,
				DFCE7AB1240869400016408A /* LaunchScreen.storyboard */,
				DFCE7AB4240869400016408A /* Info.plist */,
				DFE5FA5E240C654E005A8867 /* ArtistResponse.swift */,
				DFE5FA60240C65A1005A8867 /* Artist.swift */,
			);
			path = MusicByLocation;
			sourceTree = "<group>";
		};
		DFCE7ABC240869400016408A /* MusicByLocationTests */ = {
			isa = PBXGroup;
			children = (
				DFCE7ABD240869400016408A /* MusicByLocationTests.swift */,
				DFCE7ABF240869400016408A /* Info.plist */,
			);
			path = MusicByLocationTests;
			sourceTree = "<group>";
		};
		DFCE7AC7240869400016408A /* MusicByLocationUITests */ = {
			isa = PBXGroup;
			children = (
				DFCE7AC8240869400016408A /* MusicByLocationUITests.swift */,
				DFCE7ACA240869400016408A /* Info.plist */,
			);
			path = MusicByLocationUITests;
			sourceTree = "<group>";
		};
/* End PBXGroup section */

/* Begin PBXNativeTarget section */
		DFCE7AA22408693E0016408A /* MusicByLocation */ = {
			isa = PBXNativeTarget;
			buildConfigurationList = DFCE7ACD240869400016408A /* Build configuration list for PBXNativeTarget "MusicByLocation" */;
			buildPhases = (
				DFCE7A9F2408693E0016408A /* Sources */,
				DFCE7AA02408693E0016408A /* Frameworks */,
				DFCE7AA12408693E0016408A /* Resources */,
			);
			buildRules = (
			);
			dependencies = (
			);
			name = MusicByLocation;
			productName = MusicByLocation;
			productReference = DFCE7AA32408693E0016408A /* MusicByLocation.app */;
			productType = "com.apple.product-type.application";
		};
		DFCE7AB8240869400016408A /* MusicByLocationTests */ = {
			isa = PBXNativeTarget;
			buildConfigurationList = DFCE7AD0240869400016408A /* Build configuration list for PBXNativeTarget "MusicByLocationTests" */;
			buildPhases = (
				DFCE7AB5240869400016408A /* Sources */,
				DFCE7AB6240869400016408A /* Frameworks */,
				DFCE7AB7240869400016408A /* Resources */,
			);
			buildRules = (
			);
			dependencies = (
				DFCE7ABB240869400016408A /* PBXTargetDependency */,
			);
			name = MusicByLocationTests;
			productName = MusicByLocationTests;
			productReference = DFCE7AB9240869400016408A /* MusicByLocationTests.xctest */;
			productType = "com.apple.product-type.bundle.unit-test";
		};
		DFCE7AC3240869400016408A /* MusicByLocationUITests */ = {
			isa = PBXNativeTarget;
			buildConfigurationList = DFCE7AD3240869400016408A /* Build configuration list for PBXNativeTarget "MusicByLocationUITests" */;
			buildPhases = (
				DFCE7AC0240869400016408A /* Sources */,
				DFCE7AC1240869400016408A /* Frameworks */,
				DFCE7AC2240869400016408A /* Resources */,
			);
			buildRules = (
			);
			dependencies = (
				DFCE7AC6240869400016408A /* PBXTargetDependency */,
			);
			name = MusicByLocationUITests;
			productName = MusicByLocationUITests;
			productReference = DFCE7AC4240869400016408A /* MusicByLocationUITests.xctest */;
			productType = "com.apple.product-type.bundle.ui-testing";
		};
/* End PBXNativeTarget section */

/* Begin PBXProject section */
		DFCE7A9B2408693E0016408A /* Project object */ = {
			isa = PBXProject;
			attributes = {
				LastSwiftUpdateCheck = 1120;
				LastUpgradeCheck = 1120;
				ORGANIZATIONNAME = "Ahmed, Maheraj (HWTA)";
				TargetAttributes = {
					DFCE7AA22408693E0016408A = {
						CreatedOnToolsVersion = 11.2.1;
					};
					DFCE7AB8240869400016408A = {
						CreatedOnToolsVersion = 11.2.1;
						TestTargetID = DFCE7AA22408693E0016408A;
					};
					DFCE7AC3240869400016408A = {
						CreatedOnToolsVersion = 11.2.1;
						TestTargetID = DFCE7AA22408693E0016408A;
					};
				};
			};
			buildConfigurationList = DFCE7A9E2408693E0016408A /* Build configuration list for PBXProject "MusicByLocation" */;
			compatibilityVersion = "Xcode 9.3";
			developmentRegion = en;
			hasScannedForEncodings = 0;
			knownRegions = (
				en,
				Base,
			);
			mainGroup = DFCE7A9A2408693E0016408A;
			productRefGroup = DFCE7AA42408693E0016408A /* Products */;
			projectDirPath = "";
			projectRoot = "";
			targets = (
				DFCE7AA22408693E0016408A /* MusicByLocation */,
				DFCE7AB8240869400016408A /* MusicByLocationTests */,
				DFCE7AC3240869400016408A /* MusicByLocationUITests */,
			);
		};
/* End PBXProject section */

/* Begin PBXResourcesBuildPhase section */
		DFCE7AA12408693E0016408A /* Resources */ = {
			isa = PBXResourcesBuildPhase;
			buildActionMask = 2147483647;
			files = (
				DFCE7AB3240869400016408A /* LaunchScreen.storyboard in Resources */,
				DFCE7AB0240869400016408A /* Assets.xcassets in Resources */,
				DFCE7AAE2408693E0016408A /* Main.storyboard in Resources */,
			);
			runOnlyForDeploymentPostprocessing = 0;
		};
		DFCE7AB7240869400016408A /* Resources */ = {
			isa = PBXResourcesBuildPhase;
			buildActionMask = 2147483647;
			files = (
			);
			runOnlyForDeploymentPostprocessing = 0;
		};
		DFCE7AC2240869400016408A /* Resources */ = {
			isa = PBXResourcesBuildPhase;
			buildActionMask = 2147483647;
			files = (
			);
			runOnlyForDeploymentPostprocessing = 0;
		};
/* End PBXResourcesBuildPhase section */

/* Begin PBXSourcesBuildPhase section */
		DFCE7A9F2408693E0016408A /* Sources */ = {
			isa = PBXSourcesBuildPhase;
			buildActionMask = 2147483647;
			files = (
				DFCE7AAB2408693E0016408A /* ViewController.swift in Sources */,
				DFE5FA5F240C654E005A8867 /* ArtistResponse.swift in Sources */,
				DFCE7AA72408693E0016408A /* AppDelegate.swift in Sources */,
				DFE5FA61240C65A1005A8867 /* Artist.swift in Sources */,
				DFCE7AA92408693E0016408A /* SceneDelegate.swift in Sources */,
			);
			runOnlyForDeploymentPostprocessing = 0;
		};
		DFCE7AB5240869400016408A /* Sources */ = {
			isa = PBXSourcesBuildPhase;
			buildActionMask = 2147483647;
			files = (
				DFCE7ABE240869400016408A /* MusicByLocationTests.swift in Sources */,
			);
			runOnlyForDeploymentPostprocessing = 0;
		};
		DFCE7AC0240869400016408A /* Sources */ = {
			isa = PBXSourcesBuildPhase;
			buildActionMask = 2147483647;
			files = (
				DFCE7AC9240869400016408A /* MusicByLocationUITests.swift in Sources */,
			);
			runOnlyForDeploymentPostprocessing = 0;
		};
/* End PBXSourcesBuildPhase section */

/* Begin PBXTargetDependency section */
		DFCE7ABB240869400016408A /* PBXTargetDependency */ = {
			isa = PBXTargetDependency;
			target = DFCE7AA22408693E0016408A /* MusicByLocation */;
			targetProxy = DFCE7ABA240869400016408A /* PBXContainerItemProxy */;
		};
		DFCE7AC6240869400016408A /* PBXTargetDependency */ = {
			isa = PBXTargetDependency;
			target = DFCE7AA22408693E0016408A /* MusicByLocation */;
			targetProxy = DFCE7AC5240869400016408A /* PBXContainerItemProxy */;
		};
/* End PBXTargetDependency section */

/* Begin PBXVariantGroup section */
		DFCE7AAC2408693E0016408A /* Main.storyboard */ = {
			isa = PBXVariantGroup;
			children = (
				DFCE7AAD2408693E0016408A /* Base */,
			);
			name = Main.storyboard;
			sourceTree = "<group>";
		};
		DFCE7AB1240869400016408A /* LaunchScreen.storyboard */ = {
			isa = PBXVariantGroup;
			children = (
				DFCE7AB2240869400016408A /* Base */,
			);
			name = LaunchScreen.storyboard;
			sourceTree = "<group>";
		};
/* End PBXVariantGroup section */

/* Begin XCBuildConfiguration section */
		DFCE7ACB240869400016408A /* Debug */ = {
			isa = XCBuildConfiguration;
			buildSettings = {
				ALWAYS_SEARCH_USER_PATHS = NO;
				CLANG_ANALYZER_NONNULL = YES;
				CLANG_ANALYZER_NUMBER_OBJECT_CONVERSION = YES_AGGRESSIVE;
				CLANG_CXX_LANGUAGE_STANDARD = "gnu++14";
				CLANG_CXX_LIBRARY = "libc++";
				CLANG_ENABLE_MODULES = YES;
				CLANG_ENABLE_OBJC_ARC = YES;
				CLANG_ENABLE_OBJC_WEAK = YES;
				CLANG_WARN_BLOCK_CAPTURE_AUTORELEASING = YES;
				CLANG_WARN_BOOL_CONVERSION = YES;
				CLANG_WARN_COMMA = YES;
				CLANG_WARN_CONSTANT_CONVERSION = YES;
				CLANG_WARN_DEPRECATED_OBJC_IMPLEMENTATIONS = YES;
				CLANG_WARN_DIRECT_OBJC_ISA_USAGE = YES_ERROR;
				CLANG_WARN_DOCUMENTATION_COMMENTS = YES;
				CLANG_WARN_EMPTY_BODY = YES;
				CLANG_WARN_ENUM_CONVERSION = YES;
				CLANG_WARN_INFINITE_RECURSION = YES;
				CLANG_WARN_INT_CONVERSION = YES;
				CLANG_WARN_NON_LITERAL_NULL_CONVERSION = YES;
				CLANG_WARN_OBJC_IMPLICIT_RETAIN_SELF = YES;
				CLANG_WARN_OBJC_LITERAL_CONVERSION = YES;
				CLANG_WARN_OBJC_ROOT_CLASS = YES_ERROR;
				CLANG_WARN_RANGE_LOOP_ANALYSIS = YES;
				CLANG_WARN_STRICT_PROTOTYPES = YES;
				CLANG_WARN_SUSPICIOUS_MOVE = YES;
				CLANG_WARN_UNGUARDED_AVAILABILITY = YES_AGGRESSIVE;
				CLANG_WARN_UNREACHABLE_CODE = YES;
				CLANG_WARN__DUPLICATE_METHOD_MATCH = YES;
				COPY_PHASE_STRIP = NO;
				DEBUG_INFORMATION_FORMAT = dwarf;
				ENABLE_STRICT_OBJC_MSGSEND = YES;
				ENABLE_TESTABILITY = YES;
				GCC_C_LANGUAGE_STANDARD = gnu11;
				GCC_DYNAMIC_NO_PIC = NO;
				GCC_NO_COMMON_BLOCKS = YES;
				GCC_OPTIMIZATION_LEVEL = 0;
				GCC_PREPROCESSOR_DEFINITIONS = (
					"DEBUG=1",
					"$(inherited)",
				);
				GCC_WARN_64_TO_32_BIT_CONVERSION = YES;
				GCC_WARN_ABOUT_RETURN_TYPE = YES_ERROR;
				GCC_WARN_UNDECLARED_SELECTOR = YES;
				GCC_WARN_UNINITIALIZED_AUTOS = YES_AGGRESSIVE;
				GCC_WARN_UNUSED_FUNCTION = YES;
				GCC_WARN_UNUSED_VARIABLE = YES;
				IPHONEOS_DEPLOYMENT_TARGET = 13.2;
				MTL_ENABLE_DEBUG_INFO = INCLUDE_SOURCE;
				MTL_FAST_MATH = YES;
				ONLY_ACTIVE_ARCH = YES;
				SDKROOT = iphoneos;
				SWIFT_ACTIVE_COMPILATION_CONDITIONS = DEBUG;
				SWIFT_OPTIMIZATION_LEVEL = "-Onone";
			};
			name = Debug;
		};
		DFCE7ACC240869400016408A /* Release */ = {
			isa = XCBuildConfiguration;
			buildSettings = {
				ALWAYS_SEARCH_USER_PATHS = NO;
				CLANG_ANALYZER_NONNULL = YES;
				CLANG_ANALYZER_NUMBER_OBJECT_CONVERSION = YES_AGGRESSIVE;
				CLANG_CXX_LANGUAGE_STANDARD = "gnu++14";
				CLANG_CXX_LIBRARY = "libc++";
				CLANG_ENABLE_MODULES = YES;
				CLANG_ENABLE_OBJC_ARC = YES;
				CLANG_ENABLE_OBJC_WEAK = YES;
				CLANG_WARN_BLOCK_CAPTURE_AUTORELEASING = YES;
				CLANG_WARN_BOOL_CONVERSION = YES;
				CLANG_WARN_COMMA = YES;
				CLANG_WARN_CONSTANT_CONVERSION = YES;
				CLANG_WARN_DEPRECATED_OBJC_IMPLEMENTATIONS = YES;
				CLANG_WARN_DIRECT_OBJC_ISA_USAGE = YES_ERROR;
				CLANG_WARN_DOCUMENTATION_COMMENTS = YES;
				CLANG_WARN_EMPTY_BODY = YES;
				CLANG_WARN_ENUM_CONVERSION = YES;
				CLANG_WARN_INFINITE_RECURSION = YES;
				CLANG_WARN_INT_CONVERSION = YES;
				CLANG_WARN_NON_LITERAL_NULL_CONVERSION = YES;
				CLANG_WARN_OBJC_IMPLICIT_RETAIN_SELF = YES;
				CLANG_WARN_OBJC_LITERAL_CONVERSION = YES;
				CLANG_WARN_OBJC_ROOT_CLASS = YES_ERROR;
				CLANG_WARN_RANGE_LOOP_ANALYSIS = YES;
				CLANG_WARN_STRICT_PROTOTYPES = YES;
				CLANG_WARN_SUSPICIOUS_MOVE = YES;
				CLANG_WARN_UNGUARDED_AVAILABILITY = YES_AGGRESSIVE;
				CLANG_WARN_UNREACHABLE_CODE = YES;
				CLANG_WARN__DUPLICATE_METHOD_MATCH = YES;
				COPY_PHASE_STRIP = NO;
				DEBUG_INFORMATION_FORMAT = "dwarf-with-dsym";
				ENABLE_NS_ASSERTIONS = NO;
				ENABLE_STRICT_OBJC_MSGSEND = YES;
				GCC_C_LANGUAGE_STANDARD = gnu11;
				GCC_NO_COMMON_BLOCKS = YES;
				GCC_WARN_64_TO_32_BIT_CONVERSION = YES;
				GCC_WARN_ABOUT_RETURN_TYPE = YES_ERROR;
				GCC_WARN_UNDECLARED_SELECTOR = YES;
				GCC_WARN_UNINITIALIZED_AUTOS = YES_AGGRESSIVE;
				GCC_WARN_UNUSED_FUNCTION = YES;
				GCC_WARN_UNUSED_VARIABLE = YES;
				IPHONEOS_DEPLOYMENT_TARGET = 13.2;
				MTL_ENABLE_DEBUG_INFO = NO;
				MTL_FAST_MATH = YES;
				SDKROOT = iphoneos;
				SWIFT_COMPILATION_MODE = wholemodule;
				SWIFT_OPTIMIZATION_LEVEL = "-O";
				VALIDATE_PRODUCT = YES;
			};
			name = Release;
		};
		DFCE7ACE240869400016408A /* Debug */ = {
			isa = XCBuildConfiguration;
			buildSettings = {
				ASSETCATALOG_COMPILER_APPICON_NAME = AppIcon;
				CODE_SIGN_STYLE = Automatic;
				INFOPLIST_FILE = MusicByLocation/Info.plist;
				LD_RUNPATH_SEARCH_PATHS = (
					"$(inherited)",
					"@executable_path/Frameworks",
				);
				PRODUCT_BUNDLE_IDENTIFIER = com.MaherajAhmed.MusicByLocation;
				PRODUCT_NAME = "$(TARGET_NAME)";
				SWIFT_VERSION = 5.0;
				TARGETED_DEVICE_FAMILY = "1,2";
			};
			name = Debug;
		};
		DFCE7ACF240869400016408A /* Release */ = {
			isa = XCBuildConfiguration;
			buildSettings = {
				ASSETCATALOG_COMPILER_APPICON_NAME = AppIcon;
				CODE_SIGN_STYLE = Automatic;
				INFOPLIST_FILE = MusicByLocation/Info.plist;
				LD_RUNPATH_SEARCH_PATHS = (
					"$(inherited)",
					"@executable_path/Frameworks",
				);
				PRODUCT_BUNDLE_IDENTIFIER = com.MaherajAhmed.MusicByLocation;
				PRODUCT_NAME = "$(TARGET_NAME)";
				SWIFT_VERSION = 5.0;
				TARGETED_DEVICE_FAMILY = "1,2";
			};
			name = Release;
		};
		DFCE7AD1240869400016408A /* Debug */ = {
			isa = XCBuildConfiguration;
			buildSettings = {
				ALWAYS_EMBED_SWIFT_STANDARD_LIBRARIES = YES;
				BUNDLE_LOADER = "$(TEST_HOST)";
				CODE_SIGN_STYLE = Automatic;
				INFOPLIST_FILE = MusicByLocationTests/Info.plist;
				IPHONEOS_DEPLOYMENT_TARGET = 13.2;
				LD_RUNPATH_SEARCH_PATHS = (
					"$(inherited)",
					"@executable_path/Frameworks",
					"@loader_path/Frameworks",
				);
				PRODUCT_BUNDLE_IDENTIFIER = com.MaherajAhmed.MusicByLocationTests;
				PRODUCT_NAME = "$(TARGET_NAME)";
				SWIFT_VERSION = 5.0;
				TARGETED_DEVICE_FAMILY = "1,2";
				TEST_HOST = "$(BUILT_PRODUCTS_DIR)/MusicByLocation.app/MusicByLocation";
			};
			name = Debug;
		};
		DFCE7AD2240869400016408A /* Release */ = {
			isa = XCBuildConfiguration;
			buildSettings = {
				ALWAYS_EMBED_SWIFT_STANDARD_LIBRARIES = YES;
				BUNDLE_LOADER = "$(TEST_HOST)";
				CODE_SIGN_STYLE = Automatic;
				INFOPLIST_FILE = MusicByLocationTests/Info.plist;
				IPHONEOS_DEPLOYMENT_TARGET = 13.2;
				LD_RUNPATH_SEARCH_PATHS = (
					"$(inherited)",
					"@executable_path/Frameworks",
					"@loader_path/Frameworks",
				);
				PRODUCT_BUNDLE_IDENTIFIER = com.MaherajAhmed.MusicByLocationTests;
				PRODUCT_NAME = "$(TARGET_NAME)";
				SWIFT_VERSION = 5.0;
				TARGETED_DEVICE_FAMILY = "1,2";
				TEST_HOST = "$(BUILT_PRODUCTS_DIR)/MusicByLocation.app/MusicByLocation";
			};
			name = Release;
		};
		DFCE7AD4240869400016408A /* Debug */ = {
			isa = XCBuildConfiguration;
			buildSettings = {
				ALWAYS_EMBED_SWIFT_STANDARD_LIBRARIES = YES;
				CODE_SIGN_STYLE = Automatic;
				INFOPLIST_FILE = MusicByLocationUITests/Info.plist;
				LD_RUNPATH_SEARCH_PATHS = (
					"$(inherited)",
					"@executable_path/Frameworks",
					"@loader_path/Frameworks",
				);
				PRODUCT_BUNDLE_IDENTIFIER = com.MaherajAhmed.MusicByLocationUITests;
				PRODUCT_NAME = "$(TARGET_NAME)";
				SWIFT_VERSION = 5.0;
				TARGETED_DEVICE_FAMILY = "1,2";
				TEST_TARGET_NAME = MusicByLocation;
			};
			name = Debug;
		};
		DFCE7AD5240869400016408A /* Release */ = {
			isa = XCBuildConfiguration;
			buildSettings = {
				ALWAYS_EMBED_SWIFT_STANDARD_LIBRARIES = YES;
				CODE_SIGN_STYLE = Automatic;
				INFOPLIST_FILE = MusicByLocationUITests/Info.plist;
				LD_RUNPATH_SEARCH_PATHS = (
					"$(inherited)",
					"@executable_path/Frameworks",
					"@loader_path/Frameworks",
				);
				PRODUCT_BUNDLE_IDENTIFIER = com.MaherajAhmed.MusicByLocationUITests;
				PRODUCT_NAME = "$(TARGET_NAME)";
				SWIFT_VERSION = 5.0;
				TARGETED_DEVICE_FAMILY = "1,2";
				TEST_TARGET_NAME = MusicByLocation;
			};
			name = Release;
		};
/* End XCBuildConfiguration section */

/* Begin XCConfigurationList section */
		DFCE7A9E2408693E0016408A /* Build configuration list for PBXProject "MusicByLocation" */ = {
			isa = XCConfigurationList;
			buildConfigurations = (
				DFCE7ACB240869400016408A /* Debug */,
				DFCE7ACC240869400016408A /* Release */,
			);
			defaultConfigurationIsVisible = 0;
			defaultConfigurationName = Release;
		};
		DFCE7ACD240869400016408A /* Build configuration list for PBXNativeTarget "MusicByLocation" */ = {
			isa = XCConfigurationList;
			buildConfigurations = (
				DFCE7ACE240869400016408A /* Debug */,
				DFCE7ACF240869400016408A /* Release */,
			);
			defaultConfigurationIsVisible = 0;
			defaultConfigurationName = Release;
		};
		DFCE7AD0240869400016408A /* Build configuration list for PBXNativeTarget "MusicByLocationTests" */ = {
			isa = XCConfigurationList;
			buildConfigurations = (
				DFCE7AD1240869400016408A /* Debug */,
				DFCE7AD2240869400016408A /* Release */,
			);
			defaultConfigurationIsVisible = 0;
			defaultConfigurationName = Release;
		};
		DFCE7AD3240869400016408A /* Build configuration list for PBXNativeTarget "MusicByLocationUITests" */ = {
			isa = XCConfigurationList;
			buildConfigurations = (
				DFCE7AD4240869400016408A /* Debug */,
				DFCE7AD5240869400016408A /* Release */,
			);
			defaultConfigurationIsVisible = 0;
			defaultConfigurationName = Release;
		};
/* End XCConfigurationList section */
	};
	rootObject = DFCE7A9B2408693E0016408A /* Project object */;
}
