// !$*UTF8*$!
{
	archiveVersion = 1;
	classes = {
	};
	objectVersion = 50;
	objects = {

/* Begin PBXBuildFile section */
		DF329D7323F2D13B00709C5D /* AppDelegate.swift in Sources */ = {isa = PBXBuildFile; fileRef = DF329D7223F2D13B00709C5D /* AppDelegate.swift */; };
		DF329D7523F2D13B00709C5D /* SceneDelegate.swift in Sources */ = {isa = PBXBuildFile; fileRef = DF329D7423F2D13B00709C5D /* SceneDelegate.swift */; };
		DF329D7723F2D13B00709C5D /* ViewController.swift in Sources */ = {isa = PBXBuildFile; fileRef = DF329D7623F2D13B00709C5D /* ViewController.swift */; };
		DF329D7A23F2D13B00709C5D /* Main.storyboard in Resources */ = {isa = PBXBuildFile; fileRef = DF329D7823F2D13B00709C5D /* Main.storyboard */; };
		DF329D7C23F2D13B00709C5D /* Assets.xcassets in Resources */ = {isa = PBXBuildFile; fileRef = DF329D7B23F2D13B00709C5D /* Assets.xcassets */; };
		DF329D7F23F2D13B00709C5D /* LaunchScreen.storyboard in Resources */ = {isa = PBXBuildFile; fileRef = DF329D7D23F2D13B00709C5D /* LaunchScreen.storyboard */; };
		DF329D8A23F2D13C00709C5D /* CommentCardWriterTests.swift in Sources */ = {isa = PBXBuildFile; fileRef = DF329D8923F2D13C00709C5D /* CommentCardWriterTests.swift */; };
		DF329D9523F2D13C00709C5D /* CommentCardWriterUITests.swift in Sources */ = {isa = PBXBuildFile; fileRef = DF329D9423F2D13C00709C5D /* CommentCardWriterUITests.swift */; };
		DF329DA323F2D2D900709C5D /* CommentCardFactory.swift in Sources */ = {isa = PBXBuildFile; fileRef = DF329DA223F2D2D900709C5D /* CommentCardFactory.swift */; };
		DF329DA523F2D9C000709C5D /* CommentCardData.swift in Sources */ = {isa = PBXBuildFile; fileRef = DF329DA423F2D9C000709C5D /* CommentCardData.swift */; };
/* End PBXBuildFile section */

/* Begin PBXContainerItemProxy section */
		DF329D8623F2D13C00709C5D /* PBXContainerItemProxy */ = {
			isa = PBXContainerItemProxy;
			containerPortal = DF329D6723F2D13B00709C5D /* Project object */;
			proxyType = 1;
			remoteGlobalIDString = DF329D6E23F2D13B00709C5D;
			remoteInfo = CommentCardWriter;
		};
		DF329D9123F2D13C00709C5D /* PBXContainerItemProxy */ = {
			isa = PBXContainerItemProxy;
			containerPortal = DF329D6723F2D13B00709C5D /* Project object */;
			proxyType = 1;
			remoteGlobalIDString = DF329D6E23F2D13B00709C5D;
			remoteInfo = CommentCardWriter;
		};
/* End PBXContainerItemProxy section */

/* Begin PBXFileReference section */
		DF329D6F23F2D13B00709C5D /* CommentCardWriter.app */ = {isa = PBXFileReference; explicitFileType = wrapper.application; includeInIndex = 0; path = CommentCardWriter.app; sourceTree = BUILT_PRODUCTS_DIR; };
		DF329D7223F2D13B00709C5D /* AppDelegate.swift */ = {isa = PBXFileReference; lastKnownFileType = sourcecode.swift; path = AppDelegate.swift; sourceTree = "<group>"; };
		DF329D7423F2D13B00709C5D /* SceneDelegate.swift */ = {isa = PBXFileReference; lastKnownFileType = sourcecode.swift; path = SceneDelegate.swift; sourceTree = "<group>"; };
		DF329D7623F2D13B00709C5D /* ViewController.swift */ = {isa = PBXFileReference; lastKnownFileType = sourcecode.swift; path = ViewController.swift; sourceTree = "<group>"; };
		DF329D7923F2D13B00709C5D /* Base */ = {isa = PBXFileReference; lastKnownFileType = file.storyboard; name = Base; path = Base.lproj/Main.storyboard; sourceTree = "<group>"; };
		DF329D7B23F2D13B00709C5D /* Assets.xcassets */ = {isa = PBXFileReference; lastKnownFileType = folder.assetcatalog; path = Assets.xcassets; sourceTree = "<group>"; };
		DF329D7E23F2D13B00709C5D /* Base */ = {isa = PBXFileReference; lastKnownFileType = file.storyboard; name = Base; path = Base.lproj/LaunchScreen.storyboard; sourceTree = "<group>"; };
		DF329D8023F2D13B00709C5D /* Info.plist */ = {isa = PBXFileReference; lastKnownFileType = text.plist.xml; path = Info.plist; sourceTree = "<group>"; };
		DF329D8523F2D13C00709C5D /* CommentCardWriterTests.xctest */ = {isa = PBXFileReference; explicitFileType = wrapper.cfbundle; includeInIndex = 0; path = CommentCardWriterTests.xctest; sourceTree = BUILT_PRODUCTS_DIR; };
		DF329D8923F2D13C00709C5D /* CommentCardWriterTests.swift */ = {isa = PBXFileReference; lastKnownFileType = sourcecode.swift; path = CommentCardWriterTests.swift; sourceTree = "<group>"; };
		DF329D8B23F2D13C00709C5D /* Info.plist */ = {isa = PBXFileReference; lastKnownFileType = text.plist.xml; path = Info.plist; sourceTree = "<group>"; };
		DF329D9023F2D13C00709C5D /* CommentCardWriterUITests.xctest */ = {isa = PBXFileReference; explicitFileType = wrapper.cfbundle; includeInIndex = 0; path = CommentCardWriterUITests.xctest; sourceTree = BUILT_PRODUCTS_DIR; };
		DF329D9423F2D13C00709C5D /* CommentCardWriterUITests.swift */ = {isa = PBXFileReference; lastKnownFileType = sourcecode.swift; path = CommentCardWriterUITests.swift; sourceTree = "<group>"; };
		DF329D9623F2D13C00709C5D /* Info.plist */ = {isa = PBXFileReference; lastKnownFileType = text.plist.xml; path = Info.plist; sourceTree = "<group>"; };
		DF329DA223F2D2D900709C5D /* CommentCardFactory.swift */ = {isa = PBXFileReference; lastKnownFileType = sourcecode.swift; path = CommentCardFactory.swift; sourceTree = "<group>"; };
		DF329DA423F2D9C000709C5D /* CommentCardData.swift */ = {isa = PBXFileReference; lastKnownFileType = sourcecode.swift; path = CommentCardData.swift; sourceTree = "<group>"; };
/* End PBXFileReference section */

/* Begin PBXFrameworksBuildPhase section */
		DF329D6C23F2D13B00709C5D /* Frameworks */ = {
			isa = PBXFrameworksBuildPhase;
			buildActionMask = 2147483647;
			files = (
			);
			runOnlyForDeploymentPostprocessing = 0;
		};
		DF329D8223F2D13C00709C5D /* Frameworks */ = {
			isa = PBXFrameworksBuildPhase;
			buildActionMask = 2147483647;
			files = (
			);
			runOnlyForDeploymentPostprocessing = 0;
		};
		DF329D8D23F2D13C00709C5D /* Frameworks */ = {
			isa = PBXFrameworksBuildPhase;
			buildActionMask = 2147483647;
			files = (
			);
			runOnlyForDeploymentPostprocessing = 0;
		};
/* End PBXFrameworksBuildPhase section */

/* Begin PBXGroup section */
		DF329D6623F2D13B00709C5D = {
			isa = PBXGroup;
			children = (
				DF329D7123F2D13B00709C5D /* CommentCardWriter */,
				DF329D8823F2D13C00709C5D /* CommentCardWriterTests */,
				DF329D9323F2D13C00709C5D /* CommentCardWriterUITests */,
				DF329D7023F2D13B00709C5D /* Products */,
			);
			sourceTree = "<group>";
		};
		DF329D7023F2D13B00709C5D /* Products */ = {
			isa = PBXGroup;
			children = (
				DF329D6F23F2D13B00709C5D /* CommentCardWriter.app */,
				DF329D8523F2D13C00709C5D /* CommentCardWriterTests.xctest */,
				DF329D9023F2D13C00709C5D /* CommentCardWriterUITests.xctest */,
			);
			name = Products;
			sourceTree = "<group>";
		};
		DF329D7123F2D13B00709C5D /* CommentCardWriter */ = {
			isa = PBXGroup;
			children = (
				DF329D7223F2D13B00709C5D /* AppDelegate.swift */,
				DF329D7423F2D13B00709C5D /* SceneDelegate.swift */,
				DF329D7623F2D13B00709C5D /* ViewController.swift */,
				DF329D7823F2D13B00709C5D /* Main.storyboard */,
				DF329D7B23F2D13B00709C5D /* Assets.xcassets */,
				DF329D7D23F2D13B00709C5D /* LaunchScreen.storyboard */,
				DF329D8023F2D13B00709C5D /* Info.plist */,
				DF329DA223F2D2D900709C5D /* CommentCardFactory.swift */,
				DF329DA423F2D9C000709C5D /* CommentCardData.swift */,
			);
			path = CommentCardWriter;
			sourceTree = "<group>";
		};
		DF329D8823F2D13C00709C5D /* CommentCardWriterTests */ = {
			isa = PBXGroup;
			children = (
				DF329D8923F2D13C00709C5D /* CommentCardWriterTests.swift */,
				DF329D8B23F2D13C00709C5D /* Info.plist */,
			);
			path = CommentCardWriterTests;
			sourceTree = "<group>";
		};
		DF329D9323F2D13C00709C5D /* CommentCardWriterUITests */ = {
			isa = PBXGroup;
			children = (
				DF329D9423F2D13C00709C5D /* CommentCardWriterUITests.swift */,
				DF329D9623F2D13C00709C5D /* Info.plist */,
			);
			path = CommentCardWriterUITests;
			sourceTree = "<group>";
		};
/* End PBXGroup section */

/* Begin PBXNativeTarget section */
		DF329D6E23F2D13B00709C5D /* CommentCardWriter */ = {
			isa = PBXNativeTarget;
			buildConfigurationList = DF329D9923F2D13C00709C5D /* Build configuration list for PBXNativeTarget "CommentCardWriter" */;
			buildPhases = (
				DF329D6B23F2D13B00709C5D /* Sources */,
				DF329D6C23F2D13B00709C5D /* Frameworks */,
				DF329D6D23F2D13B00709C5D /* Resources */,
			);
			buildRules = (
			);
			dependencies = (
			);
			name = CommentCardWriter;
			productName = CommentCardWriter;
			productReference = DF329D6F23F2D13B00709C5D /* CommentCardWriter.app */;
			productType = "com.apple.product-type.application";
		};
		DF329D8423F2D13C00709C5D /* CommentCardWriterTests */ = {
			isa = PBXNativeTarget;
			buildConfigurationList = DF329D9C23F2D13C00709C5D /* Build configuration list for PBXNativeTarget "CommentCardWriterTests" */;
			buildPhases = (
				DF329D8123F2D13C00709C5D /* Sources */,
				DF329D8223F2D13C00709C5D /* Frameworks */,
				DF329D8323F2D13C00709C5D /* Resources */,
			);
			buildRules = (
			);
			dependencies = (
				DF329D8723F2D13C00709C5D /* PBXTargetDependency */,
			);
			name = CommentCardWriterTests;
			productName = CommentCardWriterTests;
			productReference = DF329D8523F2D13C00709C5D /* CommentCardWriterTests.xctest */;
			productType = "com.apple.product-type.bundle.unit-test";
		};
		DF329D8F23F2D13C00709C5D /* CommentCardWriterUITests */ = {
			isa = PBXNativeTarget;
			buildConfigurationList = DF329D9F23F2D13C00709C5D /* Build configuration list for PBXNativeTarget "CommentCardWriterUITests" */;
			buildPhases = (
				DF329D8C23F2D13C00709C5D /* Sources */,
				DF329D8D23F2D13C00709C5D /* Frameworks */,
				DF329D8E23F2D13C00709C5D /* Resources */,
			);
			buildRules = (
			);
			dependencies = (
				DF329D9223F2D13C00709C5D /* PBXTargetDependency */,
			);
			name = CommentCardWriterUITests;
			productName = CommentCardWriterUITests;
			productReference = DF329D9023F2D13C00709C5D /* CommentCardWriterUITests.xctest */;
			productType = "com.apple.product-type.bundle.ui-testing";
		};
/* End PBXNativeTarget section */

/* Begin PBXProject section */
		DF329D6723F2D13B00709C5D /* Project object */ = {
			isa = PBXProject;
			attributes = {
				LastSwiftUpdateCheck = 1120;
				LastUpgradeCheck = 1120;
				ORGANIZATIONNAME = "Ahmed, Maheraj (HWTA)";
				TargetAttributes = {
					DF329D6E23F2D13B00709C5D = {
						CreatedOnToolsVersion = 11.2.1;
					};
					DF329D8423F2D13C00709C5D = {
						CreatedOnToolsVersion = 11.2.1;
						TestTargetID = DF329D6E23F2D13B00709C5D;
					};
					DF329D8F23F2D13C00709C5D = {
						CreatedOnToolsVersion = 11.2.1;
						TestTargetID = DF329D6E23F2D13B00709C5D;
					};
				};
			};
			buildConfigurationList = DF329D6A23F2D13B00709C5D /* Build configuration list for PBXProject "CommentCardWriter" */;
			compatibilityVersion = "Xcode 9.3";
			developmentRegion = en;
			hasScannedForEncodings = 0;
			knownRegions = (
				en,
				Base,
			);
			mainGroup = DF329D6623F2D13B00709C5D;
			productRefGroup = DF329D7023F2D13B00709C5D /* Products */;
			projectDirPath = "";
			projectRoot = "";
			targets = (
				DF329D6E23F2D13B00709C5D /* CommentCardWriter */,
				DF329D8423F2D13C00709C5D /* CommentCardWriterTests */,
				DF329D8F23F2D13C00709C5D /* CommentCardWriterUITests */,
			);
		};
/* End PBXProject section */

/* Begin PBXResourcesBuildPhase section */
		DF329D6D23F2D13B00709C5D /* Resources */ = {
			isa = PBXResourcesBuildPhase;
			buildActionMask = 2147483647;
			files = (
				DF329D7F23F2D13B00709C5D /* LaunchScreen.storyboard in Resources */,
				DF329D7C23F2D13B00709C5D /* Assets.xcassets in Resources */,
				DF329D7A23F2D13B00709C5D /* Main.storyboard in Resources */,
			);
			runOnlyForDeploymentPostprocessing = 0;
		};
		DF329D8323F2D13C00709C5D /* Resources */ = {
			isa = PBXResourcesBuildPhase;
			buildActionMask = 2147483647;
			files = (
			);
			runOnlyForDeploymentPostprocessing = 0;
		};
		DF329D8E23F2D13C00709C5D /* Resources */ = {
			isa = PBXResourcesBuildPhase;
			buildActionMask = 2147483647;
			files = (
			);
			runOnlyForDeploymentPostprocessing = 0;
		};
/* End PBXResourcesBuildPhase section */

/* Begin PBXSourcesBuildPhase section */
		DF329D6B23F2D13B00709C5D /* Sources */ = {
			isa = PBXSourcesBuildPhase;
			buildActionMask = 2147483647;
			files = (
				DF329DA523F2D9C000709C5D /* CommentCardData.swift in Sources */,
				DF329DA323F2D2D900709C5D /* CommentCardFactory.swift in Sources */,
				DF329D7723F2D13B00709C5D /* ViewController.swift in Sources */,
				DF329D7323F2D13B00709C5D /* AppDelegate.swift in Sources */,
				DF329D7523F2D13B00709C5D /* SceneDelegate.swift in Sources */,
			);
			runOnlyForDeploymentPostprocessing = 0;
		};
		DF329D8123F2D13C00709C5D /* Sources */ = {
			isa = PBXSourcesBuildPhase;
			buildActionMask = 2147483647;
			files = (
				DF329D8A23F2D13C00709C5D /* CommentCardWriterTests.swift in Sources */,
			);
			runOnlyForDeploymentPostprocessing = 0;
		};
		DF329D8C23F2D13C00709C5D /* Sources */ = {
			isa = PBXSourcesBuildPhase;
			buildActionMask = 2147483647;
			files = (
				DF329D9523F2D13C00709C5D /* CommentCardWriterUITests.swift in Sources */,
			);
			runOnlyForDeploymentPostprocessing = 0;
		};
/* End PBXSourcesBuildPhase section */

/* Begin PBXTargetDependency section */
		DF329D8723F2D13C00709C5D /* PBXTargetDependency */ = {
			isa = PBXTargetDependency;
			target = DF329D6E23F2D13B00709C5D /* CommentCardWriter */;
			targetProxy = DF329D8623F2D13C00709C5D /* PBXContainerItemProxy */;
		};
		DF329D9223F2D13C00709C5D /* PBXTargetDependency */ = {
			isa = PBXTargetDependency;
			target = DF329D6E23F2D13B00709C5D /* CommentCardWriter */;
			targetProxy = DF329D9123F2D13C00709C5D /* PBXContainerItemProxy */;
		};
/* End PBXTargetDependency section */

/* Begin PBXVariantGroup section */
		DF329D7823F2D13B00709C5D /* Main.storyboard */ = {
			isa = PBXVariantGroup;
			children = (
				DF329D7923F2D13B00709C5D /* Base */,
			);
			name = Main.storyboard;
			sourceTree = "<group>";
		};
		DF329D7D23F2D13B00709C5D /* LaunchScreen.storyboard */ = {
			isa = PBXVariantGroup;
			children = (
				DF329D7E23F2D13B00709C5D /* Base */,
			);
			name = LaunchScreen.storyboard;
			sourceTree = "<group>";
		};
/* End PBXVariantGroup section */

/* Begin XCBuildConfiguration section */
		DF329D9723F2D13C00709C5D /* Debug */ = {
			isa = XCBuildConfiguration;
			buildSettings = {
				ALWAYS_SEARCH_USER_PATHS = NO;
				CLANG_ANALYZER_NONNULL = YES;
				CLANG_ANALYZER_NUMBER_OBJECT_CONVERSION = YES_AGGRESSIVE;
				CLANG_CXX_LANGUAGE_STANDARD = "gnu++14";
				CLANG_CXX_LIBRARY = "libc++";
				CLANG_ENABLE_MODULES = YES;
				CLANG_ENABLE_OBJC_ARC = YES;
				CLANG_ENABLE_OBJC_WEAK = YES;
				CLANG_WARN_BLOCK_CAPTURE_AUTORELEASING = YES;
				CLANG_WARN_BOOL_CONVERSION = YES;
				CLANG_WARN_COMMA = YES;
				CLANG_WARN_CONSTANT_CONVERSION = YES;
				CLANG_WARN_DEPRECATED_OBJC_IMPLEMENTATIONS = YES;
				CLANG_WARN_DIRECT_OBJC_ISA_USAGE = YES_ERROR;
				CLANG_WARN_DOCUMENTATION_COMMENTS = YES;
				CLANG_WARN_EMPTY_BODY = YES;
				CLANG_WARN_ENUM_CONVERSION = YES;
				CLANG_WARN_INFINITE_RECURSION = YES;
				CLANG_WARN_INT_CONVERSION = YES;
				CLANG_WARN_NON_LITERAL_NULL_CONVERSION = YES;
				CLANG_WARN_OBJC_IMPLICIT_RETAIN_SELF = YES;
				CLANG_WARN_OBJC_LITERAL_CONVERSION = YES;
				CLANG_WARN_OBJC_ROOT_CLASS = YES_ERROR;
				CLANG_WARN_RANGE_LOOP_ANALYSIS = YES;
				CLANG_WARN_STRICT_PROTOTYPES = YES;
				CLANG_WARN_SUSPICIOUS_MOVE = YES;
				CLANG_WARN_UNGUARDED_AVAILABILITY = YES_AGGRESSIVE;
				CLANG_WARN_UNREACHABLE_CODE = YES;
				CLANG_WARN__DUPLICATE_METHOD_MATCH = YES;
				COPY_PHASE_STRIP = NO;
				DEBUG_INFORMATION_FORMAT = dwarf;
				ENABLE_STRICT_OBJC_MSGSEND = YES;
				ENABLE_TESTABILITY = YES;
				GCC_C_LANGUAGE_STANDARD = gnu11;
				GCC_DYNAMIC_NO_PIC = NO;
				GCC_NO_COMMON_BLOCKS = YES;
				GCC_OPTIMIZATION_LEVEL = 0;
				GCC_PREPROCESSOR_DEFINITIONS = (
					"DEBUG=1",
					"$(inherited)",
				);
				GCC_WARN_64_TO_32_BIT_CONVERSION = YES;
				GCC_WARN_ABOUT_RETURN_TYPE = YES_ERROR;
				GCC_WARN_UNDECLARED_SELECTOR = YES;
				GCC_WARN_UNINITIALIZED_AUTOS = YES_AGGRESSIVE;
				GCC_WARN_UNUSED_FUNCTION = YES;
				GCC_WARN_UNUSED_VARIABLE = YES;
				IPHONEOS_DEPLOYMENT_TARGET = 13.2;
				MTL_ENABLE_DEBUG_INFO = INCLUDE_SOURCE;
				MTL_FAST_MATH = YES;
				ONLY_ACTIVE_ARCH = YES;
				SDKROOT = iphoneos;
				SWIFT_ACTIVE_COMPILATION_CONDITIONS = DEBUG;
				SWIFT_OPTIMIZATION_LEVEL = "-Onone";
			};
			name = Debug;
		};
		DF329D9823F2D13C00709C5D /* Release */ = {
			isa = XCBuildConfiguration;
			buildSettings = {
				ALWAYS_SEARCH_USER_PATHS = NO;
				CLANG_ANALYZER_NONNULL = YES;
				CLANG_ANALYZER_NUMBER_OBJECT_CONVERSION = YES_AGGRESSIVE;
				CLANG_CXX_LANGUAGE_STANDARD = "gnu++14";
				CLANG_CXX_LIBRARY = "libc++";
				CLANG_ENABLE_MODULES = YES;
				CLANG_ENABLE_OBJC_ARC = YES;
				CLANG_ENABLE_OBJC_WEAK = YES;
				CLANG_WARN_BLOCK_CAPTURE_AUTORELEASING = YES;
				CLANG_WARN_BOOL_CONVERSION = YES;
				CLANG_WARN_COMMA = YES;
				CLANG_WARN_CONSTANT_CONVERSION = YES;
				CLANG_WARN_DEPRECATED_OBJC_IMPLEMENTATIONS = YES;
				CLANG_WARN_DIRECT_OBJC_ISA_USAGE = YES_ERROR;
				CLANG_WARN_DOCUMENTATION_COMMENTS = YES;
				CLANG_WARN_EMPTY_BODY = YES;
				CLANG_WARN_ENUM_CONVERSION = YES;
				CLANG_WARN_INFINITE_RECURSION = YES;
				CLANG_WARN_INT_CONVERSION = YES;
				CLANG_WARN_NON_LITERAL_NULL_CONVERSION = YES;
				CLANG_WARN_OBJC_IMPLICIT_RETAIN_SELF = YES;
				CLANG_WARN_OBJC_LITERAL_CONVERSION = YES;
				CLANG_WARN_OBJC_ROOT_CLASS = YES_ERROR;
				CLANG_WARN_RANGE_LOOP_ANALYSIS = YES;
				CLANG_WARN_STRICT_PROTOTYPES = YES;
				CLANG_WARN_SUSPICIOUS_MOVE = YES;
				CLANG_WARN_UNGUARDED_AVAILABILITY = YES_AGGRESSIVE;
				CLANG_WARN_UNREACHABLE_CODE = YES;
				CLANG_WARN__DUPLICATE_METHOD_MATCH = YES;
				COPY_PHASE_STRIP = NO;
				DEBUG_INFORMATION_FORMAT = "dwarf-with-dsym";
				ENABLE_NS_ASSERTIONS = NO;
				ENABLE_STRICT_OBJC_MSGSEND = YES;
				GCC_C_LANGUAGE_STANDARD = gnu11;
				GCC_NO_COMMON_BLOCKS = YES;
				GCC_WARN_64_TO_32_BIT_CONVERSION = YES;
				GCC_WARN_ABOUT_RETURN_TYPE = YES_ERROR;
				GCC_WARN_UNDECLARED_SELECTOR = YES;
				GCC_WARN_UNINITIALIZED_AUTOS = YES_AGGRESSIVE;
				GCC_WARN_UNUSED_FUNCTION = YES;
				GCC_WARN_UNUSED_VARIABLE = YES;
				IPHONEOS_DEPLOYMENT_TARGET = 13.2;
				MTL_ENABLE_DEBUG_INFO = NO;
				MTL_FAST_MATH = YES;
				SDKROOT = iphoneos;
				SWIFT_COMPILATION_MODE = wholemodule;
				SWIFT_OPTIMIZATION_LEVEL = "-O";
				VALIDATE_PRODUCT = YES;
			};
			name = Release;
		};
		DF329D9A23F2D13C00709C5D /* Debug */ = {
			isa = XCBuildConfiguration;
			buildSettings = {
				ASSETCATALOG_COMPILER_APPICON_NAME = AppIcon;
				CODE_SIGN_STYLE = Automatic;
				INFOPLIST_FILE = CommentCardWriter/Info.plist;
				LD_RUNPATH_SEARCH_PATHS = (
					"$(inherited)",
					"@executable_path/Frameworks",
				);
				PRODUCT_BUNDLE_IDENTIFIER = com.MaherajAhmed.CommentCardWriter;
				PRODUCT_NAME = "$(TARGET_NAME)";
				SWIFT_VERSION = 5.0;
				TARGETED_DEVICE_FAMILY = "1,2";
			};
			name = Debug;
		};
		DF329D9B23F2D13C00709C5D /* Release */ = {
			isa = XCBuildConfiguration;
			buildSettings = {
				ASSETCATALOG_COMPILER_APPICON_NAME = AppIcon;
				CODE_SIGN_STYLE = Automatic;
				INFOPLIST_FILE = CommentCardWriter/Info.plist;
				LD_RUNPATH_SEARCH_PATHS = (
					"$(inherited)",
					"@executable_path/Frameworks",
				);
				PRODUCT_BUNDLE_IDENTIFIER = com.MaherajAhmed.CommentCardWriter;
				PRODUCT_NAME = "$(TARGET_NAME)";
				SWIFT_VERSION = 5.0;
				TARGETED_DEVICE_FAMILY = "1,2";
			};
			name = Release;
		};
		DF329D9D23F2D13C00709C5D /* Debug */ = {
			isa = XCBuildConfiguration;
			buildSettings = {
				ALWAYS_EMBED_SWIFT_STANDARD_LIBRARIES = YES;
				BUNDLE_LOADER = "$(TEST_HOST)";
				CODE_SIGN_STYLE = Automatic;
				INFOPLIST_FILE = CommentCardWriterTests/Info.plist;
				IPHONEOS_DEPLOYMENT_TARGET = 13.2;
				LD_RUNPATH_SEARCH_PATHS = (
					"$(inherited)",
					"@executable_path/Frameworks",
					"@loader_path/Frameworks",
				);
				PRODUCT_BUNDLE_IDENTIFIER = com.MaherajAhmed.CommentCardWriterTests;
				PRODUCT_NAME = "$(TARGET_NAME)";
				SWIFT_VERSION = 5.0;
				TARGETED_DEVICE_FAMILY = "1,2";
				TEST_HOST = "$(BUILT_PRODUCTS_DIR)/CommentCardWriter.app/CommentCardWriter";
			};
			name = Debug;
		};
		DF329D9E23F2D13C00709C5D /* Release */ = {
			isa = XCBuildConfiguration;
			buildSettings = {
				ALWAYS_EMBED_SWIFT_STANDARD_LIBRARIES = YES;
				BUNDLE_LOADER = "$(TEST_HOST)";
				CODE_SIGN_STYLE = Automatic;
				INFOPLIST_FILE = CommentCardWriterTests/Info.plist;
				IPHONEOS_DEPLOYMENT_TARGET = 13.2;
				LD_RUNPATH_SEARCH_PATHS = (
					"$(inherited)",
					"@executable_path/Frameworks",
					"@loader_path/Frameworks",
				);
				PRODUCT_BUNDLE_IDENTIFIER = com.MaherajAhmed.CommentCardWriterTests;
				PRODUCT_NAME = "$(TARGET_NAME)";
				SWIFT_VERSION = 5.0;
				TARGETED_DEVICE_FAMILY = "1,2";
				TEST_HOST = "$(BUILT_PRODUCTS_DIR)/CommentCardWriter.app/CommentCardWriter";
			};
			name = Release;
		};
		DF329DA023F2D13C00709C5D /* Debug */ = {
			isa = XCBuildConfiguration;
			buildSettings = {
				ALWAYS_EMBED_SWIFT_STANDARD_LIBRARIES = YES;
				CODE_SIGN_STYLE = Automatic;
				INFOPLIST_FILE = CommentCardWriterUITests/Info.plist;
				LD_RUNPATH_SEARCH_PATHS = (
					"$(inherited)",
					"@executable_path/Frameworks",
					"@loader_path/Frameworks",
				);
				PRODUCT_BUNDLE_IDENTIFIER = com.MaherajAhmed.CommentCardWriterUITests;
				PRODUCT_NAME = "$(TARGET_NAME)";
				SWIFT_VERSION = 5.0;
				TARGETED_DEVICE_FAMILY = "1,2";
				TEST_TARGET_NAME = CommentCardWriter;
			};
			name = Debug;
		};
		DF329DA123F2D13C00709C5D /* Release */ = {
			isa = XCBuildConfiguration;
			buildSettings = {
				ALWAYS_EMBED_SWIFT_STANDARD_LIBRARIES = YES;
				CODE_SIGN_STYLE = Automatic;
				INFOPLIST_FILE = CommentCardWriterUITests/Info.plist;
				LD_RUNPATH_SEARCH_PATHS = (
					"$(inherited)",
					"@executable_path/Frameworks",
					"@loader_path/Frameworks",
				);
				PRODUCT_BUNDLE_IDENTIFIER = com.MaherajAhmed.CommentCardWriterUITests;
				PRODUCT_NAME = "$(TARGET_NAME)";
				SWIFT_VERSION = 5.0;
				TARGETED_DEVICE_FAMILY = "1,2";
				TEST_TARGET_NAME = CommentCardWriter;
			};
			name = Release;
		};
/* End XCBuildConfiguration section */

/* Begin XCConfigurationList section */
		DF329D6A23F2D13B00709C5D /* Build configuration list for PBXProject "CommentCardWriter" */ = {
			isa = XCConfigurationList;
			buildConfigurations = (
				DF329D9723F2D13C00709C5D /* Debug */,
				DF329D9823F2D13C00709C5D /* Release */,
			);
			defaultConfigurationIsVisible = 0;
			defaultConfigurationName = Release;
		};
		DF329D9923F2D13C00709C5D /* Build configuration list for PBXNativeTarget "CommentCardWriter" */ = {
			isa = XCConfigurationList;
			buildConfigurations = (
				DF329D9A23F2D13C00709C5D /* Debug */,
				DF329D9B23F2D13C00709C5D /* Release */,
			);
			defaultConfigurationIsVisible = 0;
			defaultConfigurationName = Release;
		};
		DF329D9C23F2D13C00709C5D /* Build configuration list for PBXNativeTarget "CommentCardWriterTests" */ = {
			isa = XCConfigurationList;
			buildConfigurations = (
				DF329D9D23F2D13C00709C5D /* Debug */,
				DF329D9E23F2D13C00709C5D /* Release */,
			);
			defaultConfigurationIsVisible = 0;
			defaultConfigurationName = Release;
		};
		DF329D9F23F2D13C00709C5D /* Build configuration list for PBXNativeTarget "CommentCardWriterUITests" */ = {
			isa = XCConfigurationList;
			buildConfigurations = (
				DF329DA023F2D13C00709C5D /* Debug */,
				DF329DA123F2D13C00709C5D /* Release */,
			);
			defaultConfigurationIsVisible = 0;
			defaultConfigurationName = Release;
		};
/* End XCConfigurationList section */
	};
	rootObject = DF329D6723F2D13B00709C5D /* Project object */;
}
